
Microsoft Visual Studio Solution File, Format Version 12.00
# Visual Studio 15
VisualStudioVersion = 15.0.28307.168
MinimumVisualStudioVersion = 10.0.40219.1
Project("{FAE04EC0-301F-11D3-BF4B-00C04F79EFBC}") = "NotifyIcon Class Sample program", "NotifyIcon Class Sample program.csproj", "{E4E62886-2227-4D2C-8097-93DC5E87ABCA}"
EndProject
Global
	GlobalSection(SolutionConfigurationPlatforms) = preSolution
		Debug|x86 = Debug|x86
		Release|x86 = Release|x86
	EndGlobalSection
	GlobalSection(ProjectConfigurationPlatforms) = postSolution
		{E4E62886-2227-4D2C-8097-93DC5E87ABCA}.Debug|x86.ActiveCfg = Debug|x86
		{E4E62886-2227-4D2C-8097-93DC5E87ABCA}.Debug|x86.Build.0 = Debug|x86
		{E4E62886-2227-4D2C-8097-93DC5E87ABCA}.Release|x86.ActiveCfg = Release|x86
		{E4E62886-2227-4D2C-8097-93DC5E87ABCA}.Release|x86.Build.0 = Release|x86
	EndGlobalSection
	GlobalSection(SolutionProperties) = preSolution
		HideSolutionNode = FALSE
	EndGlobalSection
	GlobalSection(ExtensibilityGlobals) = postSolution
		SolutionGuid = {C21D8915-7D69-4CBF-818C-A53DB2FFF2F8}
	EndGlobalSection
EndGlobal
